
Microsoft Visual Studio Solution File, Format Version 12.00
# Visual Studio Version 16
VisualStudioVersion = 16.0.31729.503
MinimumVisualStudioVersion = 10.0.40219.1
Project("{FAE04EC0-301F-11D3-BF4B-00C04F79EFBC}") = "perfectnumber", "perfectnumber\perfectnumber.csproj", "{7799FC15-E63D-4556-AB63-60F30F6B3FF1}"
EndProject
Global
	GlobalSection(SolutionConfigurationPlatforms) = preSolution
		Debug|Any CPU = Debug|Any CPU
		Release|Any CPU = Release|Any CPU
	EndGlobalSection
	GlobalSection(ProjectConfigurationPlatforms) = postSolution
		{7799FC15-E63D-4556-AB63-60F30F6B3FF1}.Debug|Any CPU.ActiveCfg = Debug|Any CPU
		{7799FC15-E63D-4556-AB63-60F30F6B3FF1}.Debug|Any CPU.Build.0 = Debug|Any CPU
		{7799FC15-E63D-4556-AB63-60F30F6B3FF1}.Release|Any CPU.ActiveCfg = Release|Any CPU
		{7799FC15-E63D-4556-AB63-60F30F6B3FF1}.Release|Any CPU.Build.0 = Release|Any CPU
	EndGlobalSection
	GlobalSection(SolutionProperties) = preSolution
		HideSolutionNode = FALSE
	EndGlobalSection
	GlobalSection(ExtensibilityGlobals) = postSolution
		SolutionGuid = {3B7D289B-49D0-4C99-8C86-13C01AD2C670}
	EndGlobalSection
EndGlobal
